
Microsoft Visual Studio Solution File, Format Version 12.00
# Visual Studio Version 16
VisualStudioVersion = 16.0.30611.23
MinimumVisualStudioVersion = 10.0.40219.1
Project("{FAE04EC0-301F-11D3-BF4B-00C04F79EFBC}") = "MailClient", "MailClient\MailClient.csproj", "{16AEFEA1-5B41-4F8D-97C4-2E70736A461A}"
EndProject
Global
	GlobalSection(SolutionConfigurationPlatforms) = preSolution
		Debug|Any CPU = Debug|Any CPU
		Release|Any CPU = Release|Any CPU
	EndGlobalSection
	GlobalSection(ProjectConfigurationPlatforms) = postSolution
		{16AEFEA1-5B41-4F8D-97C4-2E70736A461A}.Debug|Any CPU.ActiveCfg = Debug|Any CPU
		{16AEFEA1-5B41-4F8D-97C4-2E70736A461A}.Debug|Any CPU.Build.0 = Debug|Any CPU
		{16AEFEA1-5B41-4F8D-97C4-2E70736A461A}.Release|Any CPU.ActiveCfg = Release|Any CPU
		{16AEFEA1-5B41-4F8D-97C4-2E70736A461A}.Release|Any CPU.Build.0 = Release|Any CPU
	EndGlobalSection
	GlobalSection(SolutionProperties) = preSolution
		HideSolutionNode = FALSE
	EndGlobalSection
	GlobalSection(ExtensibilityGlobals) = postSolution
		SolutionGuid = {EC6ADC58-9538-471E-8DE7-609D9AB9731F}
	EndGlobalSection
EndGlobal
